
Microsoft Visual Studio Solution File, Format Version 12.00
# Visual Studio Version 17
VisualStudioVersion = 17.14.36301.6 d17.14
MinimumVisualStudioVersion = 10.0.40219.1
Project("{FAE04EC0-301F-11D3-BF4B-00C04F79EFBC}") = "EducationSpendings", "EducationSpendings\EducationSpendings.csproj", "{EB8868E1-F86D-40E1-BCFE-E2D4DB2E1D94}"
EndProject
Global
	GlobalSection(SolutionConfigurationPlatforms) = preSolution
		Debug|ARM64 = Debug|ARM64
		Debug|x64 = Debug|x64
		Debug|x86 = Debug|x86
		Release|ARM64 = Release|ARM64
		Release|x64 = Release|x64
		Release|x86 = Release|x86
	EndGlobalSection
	GlobalSection(ProjectConfigurationPlatforms) = postSolution
		{EB8868E1-F86D-40E1-BCFE-E2D4DB2E1D94}.Debug|ARM64.ActiveCfg = Debug|ARM64
		{EB8868E1-F86D-40E1-BCFE-E2D4DB2E1D94}.Debug|ARM64.Build.0 = Debug|ARM64
		{EB8868E1-F86D-40E1-BCFE-E2D4DB2E1D94}.Debug|ARM64.Deploy.0 = Debug|ARM64
		{EB8868E1-F86D-40E1-BCFE-E2D4DB2E1D94}.Debug|x64.ActiveCfg = Debug|x64
		{EB8868E1-F86D-40E1-BCFE-E2D4DB2E1D94}.Debug|x64.Build.0 = Debug|x64
		{EB8868E1-F86D-40E1-BCFE-E2D4DB2E1D94}.Debug|x64.Deploy.0 = Debug|x64
		{EB8868E1-F86D-40E1-BCFE-E2D4DB2E1D94}.Debug|x86.ActiveCfg = Debug|x86
		{EB8868E1-F86D-40E1-BCFE-E2D4DB2E1D94}.Debug|x86.Build.0 = Debug|x86
		{EB8868E1-F86D-40E1-BCFE-E2D4DB2E1D94}.Debug|x86.Deploy.0 = Debug|x86
		{EB8868E1-F86D-40E1-BCFE-E2D4DB2E1D94}.Release|ARM64.ActiveCfg = Release|ARM64
		{EB8868E1-F86D-40E1-BCFE-E2D4DB2E1D94}.Release|ARM64.Build.0 = Release|ARM64
		{EB8868E1-F86D-40E1-BCFE-E2D4DB2E1D94}.Release|ARM64.Deploy.0 = Release|ARM64
		{EB8868E1-F86D-40E1-BCFE-E2D4DB2E1D94}.Release|x64.ActiveCfg = Release|x64
		{EB8868E1-F86D-40E1-BCFE-E2D4DB2E1D94}.Release|x64.Build.0 = Release|x64
		{EB8868E1-F86D-40E1-BCFE-E2D4DB2E1D94}.Release|x64.Deploy.0 = Release|x64
		{EB8868E1-F86D-40E1-BCFE-E2D4DB2E1D94}.Release|x86.ActiveCfg = Release|x86
		{EB8868E1-F86D-40E1-BCFE-E2D4DB2E1D94}.Release|x86.Build.0 = Release|x86
		{EB8868E1-F86D-40E1-BCFE-E2D4DB2E1D94}.Release|x86.Deploy.0 = Release|x86
	EndGlobalSection
	GlobalSection(SolutionProperties) = preSolution
		HideSolutionNode = FALSE
	EndGlobalSection
	GlobalSection(ExtensibilityGlobals) = postSolution
		SolutionGuid = {471C4689-6FD0-4577-96CC-2B07DEC295B5}
	EndGlobalSection
EndGlobal
